# THIS IS AN AUTOGENERATED FILE. DO NOT EDIT THIS FILE DIRECTLY.
# yarn lockfile v1


"@gulp-sourcemaps/map-sources@1.X":
  version "1.0.0"
  resolved "https://registry.yarnpkg.com/@gulp-sourcemaps/map-sources/-/map-sources-1.0.0.tgz#890ae7c5d8c877f6d384860215ace9d7ec945bda"
  dependencies:
    normalize-path "^2.0.1"
    through2 "^2.0.3"

"@mapbox/geojson-area@^0.2.1":
  version "0.2.2"
  resolved "https://registry.yarnpkg.com/@mapbox/geojson-area/-/geojson-area-0.2.2.tgz#18d7814aa36bf23fbbcc379f8e26a22927debf10"
  dependencies:
    wgs84 "0.0.0"

"@mapbox/geojson-normalize@0.0.1":
  version "0.0.1"
  resolved "ht