# THIS IS AN AUTOGENERATED FILE. DO NOT EDIT THIS FILE DIRECTLY.
# yarn lockfile v1


"@gulp-sourcemaps/map-sources@1.X":
  version "1.0.0"
  resolved "https://registry.yarnpkg.com/@gulp-sourcemaps/map-sources/-/map-sources-1.0.0.tgz#890ae7c5d8c877f6d384860215ace9d7ec945bda"
  dependencies:
    normalize-path "^2.0.1"
    through2 "^2.0.3"

"@mapbox/geojson-area@^0.2.1":
  version "0.2.2"
  resolved "https://registry.yarnpkg.com/@mapbox/geojson-area/-/geojson-area-0.2.2.tgz#18d7814aa36bf23fbbcc379f8e26a22927debf10"
  dependencies:
    wgs84 "0.0.0"

"@mapbox/geojson-normalize@0.0.1":
  version "0.0.1"
  resolved "https://registry.yarnpkg.com/@mapbox/geojson-normalize/-/geojson-normalize-0.0.1.tgz#1da1e6b3a7add3ad29909b30f438f60581b7cd80"

"@mapbox/geojsonhint@^2.0.0":
  version "2.0.1"
  resolved "https://registry.yarnpkg.com/@mapbox/geojsonhint/-/geojsonhint-2.0.1.tgz#32dac7300f04b3ebaec74b5ba9853dfb42532354"
  dependencies:
    concat-stream "~1.5.1"
    jsonlint-lines "1.7.1"
    minimist "1.2.0"
    vfile "2.0.0"
    vfile-reporter "3.0.0"

"@mapbox/gl-matrix@^0.0.1":
  version "0.0.1"
  resolved "https://registry.yarnpkg.com/@mapbox/gl-matrix/-/gl-matrix-0.0.1.tgz#e5126aab4d64c36b81c7a97d0ae0dddde5773d2b"

"@mapbox/mapbox-gl-draw@^0.18.0":
  version "0.18.1"
  resolved "https://registry.yarnpkg.com/@mapbox/mapbox-gl-draw/-/mapbox-gl-draw-0.18.1.tgz#4f52a770225ba004dd71baf5fe264f5d1c9d0b6c"
  dependencies:
    "@mapbox/geojson-area" 