# THIS IS AN AUTOGENERATED FILE. DO NOT EDIT THIS FILE DIRECTLY.
# yarn lockfile v1


"@gulp-sourcemaps/map-sources@1.X":
  version "1.0.0"
  resolved "https://registry.yarnpkg.com/@gulp-sourcemaps/map-sources/-/map-sources-1.0.0.tgz#890ae7c5d8c877f6d384860215ace9d7ec945bda"
  dependencies:
    normalize-path "^2.0.1"
    through2 "^2.0.3"

"@mapbox/geojson-area@^0.2.1":
  version "0.2.2"
  resolved "https://registry.yarnpkg.com/@mapbox/geojson-area/-/geojson-area-0.2.2.tgz#18d7814aa36bf23fbbcc379f8e26a22927debf10"
  dependencies:
    wgs84 "0.0.0"

"@mapbox/geojson-normalize@0.0.1":
  version "0.0.1"
  resolved "https://registry.yarnpkg.com/@mapbox/geojson-normalize/-/geojson-normalize-0.0.1.tgz#1da1e6b3a7add3ad29909b30f438f60581b7cd80"

"@mapbox/geojsonhint@^2.0.0":
  version "2.0.1"
  resolved "https://registry.yarnpkg.com/@mapbox/geojsonhint/-/geojsonhint-2.0.1.tgz#32dac7300f04b3ebaec74b5ba9853dfb42532354"
  dependencies:
    concat-stream "~1.5.1"
    jsonlint-lines "1.7.1"
    minimist "1.2.0"
    vfile "2.0.0"
    vfile-reporter "3.0.0"

"@mapbox/gl-matrix@^0.0.1":
  version "0.0.1"
  resolved "https://registry.yarnpkg.com/@mapbox/gl-matrix/-/gl-matrix-0.0.1.tgz#e5126aab4d64c36b81c7a97d0ae0dddde5773d2b"

"@mapbox/mapbox-gl-draw@^0.18.0":
  version "0.18.1"
  resolved "https://registry.yarnpkg.com/@mapbox/mapbox-gl-draw/-/mapbox-gl-draw-0.18.1.tgz#4f52a770225ba004dd71baf5fe264f5d1c9d0b6c"
  dependencies:
    "@mapbox/geojson-area" "^0.2.1"
    "@mapbox/geojson-normalize" "0.0.1"
    "@mapbox/geojsonhint" "^2.0.0"
    geojson-extent "^0.3.2"
    hat "0.0.3"
    lodash.isequal "^4.2.0"
    point-geometry "0.1.0"
    xtend "^4.0.1"

"@mapbox/unitbezier@^0.0.0":
  version "0.0.0"
  resolved "https://registry.yarnpkg.com/@mapbox/unitbezier/-/unitbezier-0.0.0.tgz#15651bd553a67b8581fb398810c98ad86a34524e"

"@turf/bbox-polygon@^3.0.10":
  version "3.14.0"
  resolved "https://registry.yarnpkg.com/@turf/bbox-polygon/-/bbox-polygon-3.14.0.tgz#d004b0453f080e8f4f575f61dc936320c565747a"
  dependencies:
    "@turf/helpers" "^3.13.0"

"@turf/bearing@^3.14.0":
  version "3.14.0"
  resolved "https://registry.yarnpkg.com/@turf/bearing/-/bearing-3.14.0.tgz#20027469ab2933ac08d7a29de4dee5ccaa6ac549"
  dependencies:
    "@turf/invariant" "^3.13.0"

"@turf/buffer@^3.0.10":
  version "3.14.0"
  resolved "https://registry.yarnpkg.com/@turf/buffer/-/buffer-3.14.0.tgz#65482c3c7a236d597faecb87b348c43dcdef093d"
  dependencies:
    "@mapbox/geojson-normalize" "0.0.1"
    "@turf/combine" "^3.14.0"
    "@turf/helpers" "^3.13.0"
    jsts "1.3.0"

"@turf/combine@^3.14.0":
  version "3.14.0"
  resolved "https://registry.yarnpkg.com/@turf/combine/-/combine-3.14.0.tgz#d6aa15e20c7a217bf4dd19f0347ec848135cf222"
  dependencies:
    "@turf/meta" "^3.14.0"

"@turf/destination@^3.14.0":
  version "3.14.0"
  resolved "https://registry.yarnpkg.com/@turf/destination/-/destination-3.14.0.tgz#ec9e65c419d99733bcaeb03f39b48f42d54ac36c"
  dependencies:
    "@turf/helpers" "^3.13.0"
    "@turf/invariant" "^3.13.0"

"@turf/distance@^3.14.0":
  version "3.14.0"
  resolved "https://registry.yarnpkg.com/@turf/dis